
Microsoft Visual Studio Solution File, Format Version 12.00
# Visual Studio 15
VisualStudioVersion = 15.0.26228.9
MinimumVisualStudioVersion = 10.0.40219.1
Project("{FAE04EC0-301F-11D3-BF4B-00C04F79EFBC}") = "DI_Home", "DI_Home\DI_Home.csproj", "{D580A430-C9F3-4A33-AB11-8884AA542434}"
EndProject
Project("{FAE04EC0-301F-11D3-BF4B-00C04F79EFBC}") = "Tests_DI", "Tests_DI\Tests_DI.csproj", "{261277AF-4C4D-4693-A79F-4349A61168BF}"
EndProject
Global
	GlobalSection(SolutionConfigurationPlatforms) = preSolution
		Debug|Any CPU = Debug|Any CPU
		Release|Any CPU = Release|Any CPU
	EndGlobalSection
	GlobalSection(ProjectConfigurationPlatforms) = postSolution
		{D580A430-C9F3-4A33-AB11-8884AA542434}.Debug|Any CPU.ActiveCfg = Debug|Any CPU
		{D580A430-C9F3-4A33-AB11-8884AA542434}.Debug|Any CPU.Build.0 = Debug|Any CPU
		{D580A430-C9F3-4A33-AB11-8884AA542434}.Release|Any CPU.ActiveCfg = Release|Any CPU
		{D580A430-C9F3-4A33-AB11-8884AA542434}.Release|Any CPU.Build.0 = Release|Any CPU
		{261277AF-4C4D-4693-A79F-4349A61168BF}.Debug|Any CPU.ActiveCfg = Debug|Any CPU
		{261277AF-4C4D-4693-A79F-4349A61168BF}.Debug|Any CPU.Build.0 = Debug|Any CPU
		{261277AF-4C4D-4693-A79F-4349A61168BF}.Release|Any CPU.ActiveCfg = Release|Any CPU
		{261277AF-4C4D-4693-A79F-4349A61168BF}.Release|Any CPU.Build.0 = Release|Any CPU
	EndGlobalSection
	GlobalSection(SolutionProperties) = preSolution
		HideSolutionNode = FALSE
	EndGlobalSection
EndGlobal
